
Microsoft Visual Studio Solution File, Format Version 12.00
# Visual Studio Version 17
VisualStudioVersion = 17.5.33516.290
MinimumVisualStudioVersion = 10.0.40219.1
Project("{FAE04EC0-301F-11D3-BF4B-00C04F79EFBC}") = "Gtech.Transitions.Android", "Gtech.Transitions\Gtech.Transitions.Android\Gtech.Transitions.Android.csproj", "{503DD779-3D8B-42BB-9D60-A4CE79AB5D76}"
EndProject
Project("{FAE04EC0-301F-11D3-BF4B-00C04F79EFBC}") = "Gtech.Transitions.iOS", "Gtech.Transitions\Gtech.Transitions.iOS\Gtech.Transitions.iOS.csproj", "{9F966D46-E2BE-46C8-BFDA-B4233DAF8351}"
EndProject
Project("{FAE04EC0-301F-11D3-BF4B-00C04F79EFBC}") = "Gtech.Transitions", "Gtech.Transitions\Gtech.Transitions\Gtech.Transitions.csproj", "{9BCDD0EE-3748-4DDB-B436-AF7714638BD5}"
EndProject
Global
	GlobalSection(SolutionConfigurationPlatforms) = preSolution
		Debug|Any CPU = Debug|Any CPU
		Debug|iPhone = Debug|iPhone
		Debug|iPhoneSimulator = Debug|iPhoneSimulator
		Release|Any CPU = Release|Any CPU
		Release|iPhone = Release|iPhone
		Release|iPhoneSimulator = Release|iPhoneSimulator
	EndGlobalSection
	GlobalSection(ProjectConfigurationPlatforms) = postSolution
		{503DD779-3D8B-42BB-9D60-A4CE79AB5D76}.Debug|Any CPU.ActiveCfg = Debug|Any CPU
		{503DD779-3D8B-42BB-9D60-A4CE79AB5D76}.Debug|Any CPU.Build.0 = Debug|Any CPU
		{503DD779-3D8B-42BB-9D60-A4CE79AB5D76}.Debug|Any CPU.Deploy.0 = Debug|Any CPU
		{503DD779-3D8B-42BB-9D60-A4CE79AB5D76}.Debug|iPhone.ActiveCfg = Debug|Any CPU
		{503DD779-3D8B-42BB-9D60-A4CE79AB5D76}.Debug|iPhone.Build.0 = Debug|Any CPU
		{503DD779-3D8B-42BB-9D60-A4CE79AB5D76}.Debug|iPhone.Deploy.0 = Debug|Any CPU
		{503DD779-3D8B-42BB-9D60-A4CE79AB5D76}.Debug|iPhoneSimulator.ActiveCfg = Debug|Any CPU
		{503DD779-3D8B-42BB-9D60-A4CE79AB5D76}.Debug|iPhoneSimulator.Build.0 = Debug|Any CPU
		{503DD779-3D8B-42BB-9D60-A4CE79AB5D76}.Debug|iPhoneSimulator.Deploy.0 = Debug|Any CPU
		{503DD779-3D8B-42BB-9D60-A4CE79AB5D76}.Release|Any CPU.ActiveCfg = Release|Any CPU
		{503DD779-3D8B-42BB-9D60-A4CE79AB5D76}.Release|Any CPU.Build.0 = Release|Any CPU
		{503DD779-3D8B-42BB-9D60-A4CE79AB5D76}.Release|Any CPU.Deploy.0 = Release|Any CPU
		{503DD779-3D8B-42BB-9D60-A4CE79AB5D76}.Release|iPhone.ActiveCfg = Release|Any CPU
		{503DD779-3D8B-42BB-9D60-A4CE79AB5D76}.Release|iPhone.Build.0 = Release|Any CPU
		{503DD779-3D8B-42BB-9D60-A4CE79AB5D76}.Release|iPhone.Deploy.0 = Release|Any CPU
		{503DD779-3D8B-42BB-9D60-A4CE79AB5D76}.Release|iPhoneSimulator.ActiveCfg = Release|Any CPU
		{503DD779-3D8B-42BB-9D60-A4CE79AB5D76}.Release|iPhoneSimulator.Build.0 = Release|Any CPU
		{503DD779-3D8B-42BB-9D60-A4CE79AB5D76}.Release|iPhoneSimulator.Deploy.0 = Release|Any CPU
		{9F966D46-E2BE-46C8-BFDA-B4233DAF8351}.Debug|Any CPU.ActiveCfg = Debug|iPhone
		{9F966D46-E2BE-46C8-BFDA-B4233DAF8351}.Debug|Any CPU.Build.0 = Debug|iPhone
		{9F966D46-E2BE-46C8-BFDA-B4233DAF8351}.Debug|Any CPU.Deploy.0 = Debug|iPhone
		{9F966D46-E2BE-46C8-BFDA-B4233DAF8351}.Debug|iPhone.ActiveCfg = Debug|iPhone
		{9F966D46-E2BE-46C8-BFDA-B4233DAF8351}.Debug|iPhone.Build.0 = Debug|iPhone
		{9F966D46-E2BE-46C8-BFDA-B4233DAF8351}.Debug|iPhone.Deploy.0 = Debug|iPhone
		{9F966D46-E2BE-46C8-BFDA-B4233DAF8351}.Debug|iPhoneSimulator.ActiveCfg = Debug|iPhoneSimulator
		{9F966D46-E2BE-46C8-BFDA-B4233DAF8351}.Debug|iPhoneSimulator.Build.0 = Debug|iPhoneSimulator
		{9F966D46-E2BE-46C8-BFDA-B4233DAF8351}.Debug|iPhoneSimulator.Deploy.0 = Debug|iPhoneSimulator
		{9F966D46-E2BE-46C8-BFDA-B4233DAF8351}.Release|Any CPU.ActiveCfg = Release|iPhoneSimulator
		{9F966D46-E2BE-46C8-BFDA-B4233DAF8351}.Release|Any CPU.Build.0 = Release|iPhoneSimulator
		{9F966D46-E2BE-46C8-BFDA-B4233DAF8351}.Release|Any CPU.Deploy.0 = Release|iPhoneSimulator
		{9F966D46-E2BE-46C8-BFDA-B4233DAF8351}.Release|iPhone.ActiveCfg = Release|iPhone
		{9F966D46-E2BE-46C8-BFDA-B4233DAF8351}.Release|iPhone.Build.0 = Release|iPhone
		{9F966D46-E2BE-46C8-BFDA-B4233DAF8351}.Release|iPhone.Deploy.0 = Release|iPhone
		{9F966D46-E2BE-46C8-BFDA-B4233DAF8351}.Release|iPhoneSimulator.ActiveCfg = Release|iPhoneSimulator
		{9F966D46-E2BE-46C8-BFDA-B4233DAF8351}.Release|iPhoneSimulator.Build.0 = Release|iPhoneSimulator
		{9F966D46-E2BE-46C8-BFDA-B4233DAF8351}.Release|iPhoneSimulator.Deploy.0 = Release|iPhoneSimulator
		{9BCDD0EE-3748-4DDB-B436-AF7714638BD5}.Debug|Any CPU.ActiveCfg = Debug|Any CPU
		{9BCDD0EE-3748-4DDB-B436-AF7714638BD5}.Debug|Any CPU.Build.0 = Debug|Any CPU
		{9BCDD0EE-3748-4DDB-B436-AF7714638BD5}.Debug|Any CPU.Deploy.0 = Debug|Any CPU
		{9BCDD0EE-3748-4DDB-B436-AF7714638BD5}.Debug|iPhone.ActiveCfg = Debug|Any CPU
		{9BCDD0EE-3748-4DDB-B436-AF7714638BD5}.Debug|iPhone.Build.0 = Debug|Any CPU
		{9BCDD0EE-3748-4DDB-B436-AF7714638BD5}.Debug|iPhone.Deploy.0 = Debug|Any CPU
		{9BCDD0EE-3748-4DDB-B436-AF7714638BD5}.Debug|iPhoneSimulator.ActiveCfg = Debug|Any CPU
		{9BCDD0EE-3748-4DDB-B436-AF7714638BD5}.Debug|iPhoneSimulator.Build.0 = Debug|Any CPU
		{9BCDD0EE-3748-4DDB-B436-AF7714638BD5}.Debug|iPhoneSimulator.Deploy.0 = Debug|Any CPU
		{9BCDD0EE-3748-4DDB-B436-AF7714638BD5}.Release|Any CPU.ActiveCfg = Release|Any CPU
		{9BCDD0EE-3748-4DDB-B436-AF7714638BD5}.Release|Any CPU.Build.0 = Release|Any CPU
		{9BCDD0EE-3748-4DDB-B436-AF7714638BD5}.Release|Any CPU.Deploy.0 = Release|Any CPU
		{9BCDD0EE-3748-4DDB-B436-AF7714638BD5}.Release|iPhone.ActiveCfg = Release|Any CPU
		{9BCDD0EE-3748-4DDB-B436-AF7714638BD5}.Release|iPhone.Build.0 = Release|Any CPU
		{9BCDD0EE-3748-4DDB-B436-AF7714638BD5}.Release|iPhone.Deploy.0 = Release|Any CPU
		{9BCDD0EE-3748-4DDB-B436-AF7714638BD5}.Release|iPhoneSimulator.ActiveCfg = Release|Any CPU
		{9BCDD0EE-3748-4DDB-B436-AF7714638BD5}.Release|iPhoneSimulator.Build.0 = Release|Any CPU
		{9BCDD0EE-3748-4DDB-B436-AF7714638BD5}.Release|iPhoneSimulator.Deploy.0 = Release|Any CPU
	EndGlobalSection
	GlobalSection(SolutionProperties) = preSolution
		HideSolutionNode = FALSE
	EndGlobalSection
	GlobalSection(ExtensibilityGlobals) = postSolution
		SolutionGuid = {2A6459D9-32B4-4CFB-B4E5-0064D4CE3001}
	EndGlobalSection
EndGlobal
